
Microsoft Visual Studio Solution File, Format Version 12.00
# Visual Studio Version 16
VisualStudioVersion = 16.0.30804.86
MinimumVisualStudioVersion = 10.0.40219.1
Project("{8BC9CEB8-8B4A-11D0-8D11-00A0C91BC942}") = "HSV", "HSV\HSV.vcxproj", "{F76CECC4-38E7-4269-8FB0-00C0F66868CE}"
EndProject
Global
	GlobalSection(SolutionConfigurationPlatforms) = preSolution
		Debug|Win32 = Debug|Win32
		Debug|x64 = Debug|x64
		Release_activation|Win32 = Release_activation|Win32
		Release_activation|x64 = Release_activation|x64
		Release|Win32 = Release|Win32
		Release|x64 = Release|x64
	EndGlobalSection
	GlobalSection(ProjectConfigurationPlatforms) = postSolution
		{F76CECC4-38E7-4269-8FB0-00C0F66868CE}.Debug|Win32.ActiveCfg = Debug|Win32
		{F76CECC4-38E7-4269-8FB0-00C0F66868CE}.Debug|Win32.Build.0 = Debug|Win32
		{F76CECC4-38E7-4269-8FB0-00C0F66868CE}.Debug|x64.ActiveCfg = Debug|x64
		{F76CECC4-38E7-4269-8FB0-00C0F66868CE}.Debug|x64.Build.0 = Debug|x64
		{F76CECC4-38E7-4269-8FB0-00C0F66868CE}.Release_activation|Win32.ActiveCfg = Release_activation|Win32
		{F76CECC4-38E7-4269-8FB0-00C0F66868CE}.Release_activation|Win32.Build.0 = Release_activation|Win32
		{F76CECC4-38E7-4269-8FB0-00C0F66868CE}.Release_activation|x64.ActiveCfg = Release_activation|x64
		{F76CECC4-38E7-4269-8FB0-00C0F66868CE}.Release_activation|x64.Build.0 = Release_activation|x64
		{F76CECC4-38E7-4269-8FB0-00C0F66868CE}.Release|Win32.ActiveCfg = Release|Win32
		{F76CECC4-38E7-4269-8FB0-00C0F66868CE}.Release|Win32.Build.0 = Release|Win32
		{F76CECC4-38E7-4269-8FB0-00C0F66868CE}.Release|x64.ActiveCfg = Release|x64
		{F76CECC4-38E7-4269-8FB0-00C0F66868CE}.Release|x64.Build.0 = Release|x64
	EndGlobalSection
	GlobalSection(SolutionProperties) = preSolution
		HideSolutionNode = FALSE
	EndGlobalSection
EndGlobal
